{
  "requires": true,
  "lockfileVersion": 1,
  "dependencies": {
    "@iconify/types": {
      "version": "2.0.0",
      "resolved": "https://registry.npmjs.org/@iconify/types/-/types-2.0.0.tgz",
      "integrity": "sha512-+wluvCrRhXrhyOmRDJ3q8mux9JkKy5SJ/v8ol2tu4FVjyYvtEzkc/3pK15ET6RKg4b4w4BmTk1+gsCUhf21Ykg==",
      "dev": true
    },
    "@iconify/vue": {
      "version": "4.0.0",
      "resolved": "https://registry.npmjs.org/@iconify/vue/-/vue-4.0.0.tgz",
      "integrity": "sha512-73z81Yf2HISfehu3qvN9GqL1OnUO7wEMKkiFwVGJ2pqAdGCR8FrVylhRhka+6U+gFLlng0ynnT20svk3jJYwow==",
      "dev": true,
      "requires": {
        "@iconify/types": "^2.0.0"
      }
    }
  }
}
